Microsoft Visual Studio Solution File, Format Version 12.00
# Visual Studio Version 16
VisualStudioVersion = 16.0.30611.23
MinimumVisualStudioVersion = 10.0.40219.1
Project("{9A19103F-16F7-4668-BE54-9A1E7A4F7556}") = "MKDS Course Modifier", "MKDS Course Modifier\MKDS Course Modifier.csproj", "{86022D00-3FF6-4C1C-A0E4-CF0A96BF9897}"
	ProjectSection(ProjectDependencies) = postProject
		{48B6183A-CF51-42A4-889E-A75DA704D71D} = {48B6183A-CF51-42A4-889E-A75DA704D71D}
		{E794C24F-B285-4BBD-9388-35382AB1A1B4} = {E794C24F-B285-4BBD-9388-35382AB1A1B4}
	EndProjectSection
EndProject
Project("{2150E333-8FDC-42A3-9474-1A3956D46DE8}") = "Solution Items", "Solution Items", "{8F02AE47-B319-4BCB-B7EE-FDECAA487C0B}"
	ProjectSection(SolutionItems) = preProject
		.editorconfig = .editorconfig
	EndProjectSection
EndProject
Project("{9A19103F-16F7-4668-BE54-9A1E7A4F7556}") = "MKDS Course Modifier Tests", "MKDS Course Modifier Tests\MKDS Course Modifier Tests.csproj", "{622FBBAE-DC3C-4B74-BB1E-B1505D3651A5}"
	ProjectSection(ProjectDependencies) = postProject
		{86022D00-3FF6-4C1C-A0E4-CF0A96BF9897} = {86022D00-3FF6-4C1C-A0E4-CF0A96BF9897}
	EndProjectSection
EndProject
Project("{9A19103F-16F7-4668-BE54-9A1E7A4F7556}") = "Fin", "Fin\Fin.csproj", "{48B6183A-CF51-42A4-889E-A75DA704D71D}"
	ProjectSection(ProjectDependencies) = postProject
		{10296677-2D6F-4AB8-936F-AECBFB70EF74} = {10296677-2D6F-4AB8-936F-AECBFB70EF74}
	EndProjectSection
EndProject
Project("{778DAE3C-4631-46EA-AA77-85C1314464D9}") = "Utility of Time", "Utility of Time\Utility of Time.vbproj", "{99CEE4F4-041C-4147-AE4F-5E11988AE392}"
EndProject
Project("{9A19103F-16F7-4668-BE54-9A1E7A4F7556}") = "Utility of Time CSharp", "Utility of Time CSharp\Utility of Time CSharp.csproj", "{089C1412-5CCA-4E35-A3A9-13BB34071E8C}"
	ProjectSection(ProjectDependencies) = postProject
		{48B6183A-CF51-42A4-889E-A75DA704D71D} = {48B6183A-CF51-42A4-889E-A75DA704D71D}
	EndProjectSection
EndProject
Project("{9A19103F-16F7-4668-BE54-9A1E7A4F7556}") = "Utility of Time CSharp Tests", "Utility of Time CSharp Tests\Utility of Time CSharp Tests.csproj", "{AE0E039F-94BB-4A04-9C69-BA6A8B4DC475}"
EndProject
Project("{9A19103F-16F7-4668-BE54-9A1E7A4F7556}") = "Fin Tests", "Fin Tests\Fin Tests.csproj", "{8D0572E4-4867-4AB4-B0C3-AE0BDDD3FEC6}"
	ProjectSection(ProjectDependencies) = postProject
		{48B6183A-CF51-42A4-889E-A75DA704D71D} = {48B6183A-CF51-42A4-889E-A75DA704D71D}
	EndProjectSection
EndProject
Project("{9A19103F-16F7-4668-BE54-9A1E7A4F7556}") = "Bmd2Fbx", "Bmd2Fbx\Bmd2Fbx.csproj", "{E794C24F-B285-4BBD-9388-35382AB1A1B4}"
	ProjectSection(ProjectDependencies) = postProject
		{48B6183A-CF51-42A4-889E-A75DA704D71D} = {48B6183A-CF51-42A4-889E-A75DA704D71D}
	EndProjectSection
EndProject
Project("{9A19103F-16F7-4668-BE54-9A1E7A4F7556}") = "Mod2Fbx", "Mod2Fbx\Mod2Fbx.csproj", "{2FE7D88B-9241-44B0-BC25-FE293EADCF59}"
	ProjectSection(ProjectDependencies) = postProject
		{48B6183A-CF51-42A4-889E-A75DA704D71D} = {48B6183A-CF51-42A4-889E-A75DA704D71D}
	EndProjectSection
EndProject
Project("{9A19103F-16F7-4668-BE54-9A1E7A4F7556}") = "Mod2Fbx Tests", "Mod2Fbx Tests\Mod2Fbx Tests.csproj", "{C74782A2-6011-4A13-AC8E-85CCAB05F1C0}"
	ProjectSection(ProjectDependencies) = postProject
		{48B6183A-CF51-42A4-889E-A75DA704D71D} = {48B6183A-CF51-42A4-889E-A75DA704D71D}
		{2FE7D88B-9241-44B0-BC25-FE293EADCF59} = {2FE7D88B-9241-44B0-BC25-FE293EADCF59}
	EndProjectSection
EndProject
Project("{9A19103F-16F7-4668-BE54-9A1E7A4F7556}") = "UniversalModelExtractor", "UniversalModelExtractor\UniversalModelExtractor.csproj", "{C8F325AF-2914-483C-B8A8-CED76E03C31E}"
	ProjectSection(ProjectDependencies) = postProject
		{48B6183A-CF51-42A4-889E-A75DA704D71D} = {48B6183A-CF51-42A4-889E-A75DA704D71D}
		{E794C24F-B285-4BBD-9388-35382AB1A1B4} = {E794C24F-B285-4BBD-9388-35382AB1A1B4}
		{2FE7D88B-9241-44B0-BC25-FE293EADCF59} = {2FE7D88B-9241-44B0-BC25-FE293EADCF59}
	EndProjectSection
EndProject
Project("{9A19103F-16F7-4668-BE54-9A1E7A4F7556}") = "Zar2Fbx", "Zar2Fbx\Zar2Fbx.csproj", "{7F57B864-05CB-4488-A798-0FC08D9F62B2}"
EndProject
Project("{9A19103F-16F7-4668-BE54-9A1E7A4F7556}") = "F3dzex2ToFbx", "F3dzex2ToFbx\F3dzex2ToFbx.csproj", "{439E4AFB-51BD-4F54-B6FA-E20A06E29D6F}"
EndProject
Project("{9A19103F-16F7-4668-BE54-9A1E7A4F7556}") = "Mdl2Fbx", "Mdl2Fbx\Mdl2Fbx.csproj", "{45228CB1-B212-4779-949E-4B8FCC001F71}"
EndProject
Project("{9A19103F-16F7-4668-BE54-9A1E7A4F7556}") = "FinGenerated", "FinGenerated\FinGenerated.csproj", "{10296677-2D6F-4AB8-936F-AECBFB70EF74}"
EndProject
Project("{FAE04EC0-301F-11D3-BF4B-00C04F79EFBC}") = "BinarySchema", "BinarySchema\BinarySchema.csproj", "{7E2E1FEE-0A02-4FB6-8C3B-9C4080D3758A}"
EndProject
Global
	GlobalSection(SolutionConfigurationPlatforms) = preSolution
		Debug|Any CPU = Debug|Any CPU
		Debug|x64 = Debug|x64
		Debug|x86 = Debug|x86
		Release|Any CPU = Release|Any CPU
		Release|x64 = Release|x64
		Release|x86 = Release|x86
	EndGlobalSection
	GlobalSection(ProjectConfigurationPlatforms) = postSolution
		{86022D00-3FF6-4C1C-A0E4-CF0A96BF9897}.Debug|Any CPU.ActiveCfg = Debug|Any CPU
		{86022D00-3FF6-4C1C-A0E4-CF0A96BF9897}.Debug|Any CPU.Build.0 = Debug|Any CPU
		{86022D00-3FF6-4C1C-A0E4-CF0A96BF9897}.Debug|x64.ActiveCfg = Debug|x64
		{86022D00-3FF6-4C1C-A0E4-CF0A96BF9897}.Debug|x64.Build.0 = Debug|x64
		{86022D00-3FF6-4C1C-A0E4-CF0A96BF9897}.Debug|x86.ActiveCfg = Debug|Any CPU
		{86022D00-3FF6-4C1C-A0E4-CF0A96BF9897}.Debug|x86.Build.0 = Debug|Any CPU
		{86022D00-3FF6-4C1C-A0E4-CF0A96BF9897}.Release|Any CPU.ActiveCfg = Release|Any CPU
		{86022D00-3FF6-4C1C-A0E4-CF0A96BF9897}.Release|Any CPU.Build.0 = Release|Any CPU
		{86022D00-3FF6-4C1C-A0E4-CF0A96BF9897}.Release|x64.ActiveCfg = Release|x64
		{86022D00-3FF6-4C1C-A0E4-CF0A96BF9897}.Release|x64.Build.0 = Release|x64
		{86022D00-3FF6-4C1C-A0E4-CF0A96BF9897}.Release|x86.ActiveCfg = Release|Any CPU
		{86022D00-3FF6-4C1C-A0E4-CF0A96BF9897}.Release|x86.Build.0 = Release|Any CPU
		{622FBBAE-DC3C-4B74-BB1E-B1505D3651A5}.Debug|Any CPU.ActiveCfg = Debug|Any CPU
		{622FBBAE-DC3C-4B74-BB1E-B1505D3651A5}.Debug|Any CPU.Build.0 = Debug|Any CPU
		{622FBBAE-DC3C-4B74-BB1E-B1505D3651A5}.Debug|x64.ActiveCfg = Debug|Any CPU
		{622FBBAE-DC3C-4B74-BB1E-B1505D3651A5}.Debug|x64.Build.0 = Debug|Any CPU
		{622FBBAE-DC3C-4B74-BB1E-B1505D3651A5}.Debug|x86.ActiveCfg = Debug|Any CPU
		{622FBBAE-DC3C-4B74-BB1E-B1505D3651A5}.Debug|x86.Build.0 = Debug|Any CPU
		{622FBBAE-DC3C-4B74-BB1E-B1505D3651A5}.Release|Any CPU.ActiveCfg = Release|Any CPU
		{622FBBAE-DC3C-4B74-BB1E-B1505D3651A5}.Release|Any CPU.Build.0 = Release|Any CPU
		{622FBBAE-DC3C-4B74-BB1E-B1505D3651A5}.Release|x64.ActiveCfg = Release|Any CPU
		{622FBBAE-DC3C-4B74-BB1E-B1505D3651A5}.Release|x64.Build.0 = Release|Any CPU
		{622FBBAE-DC3C-4B74-BB1E-B1505D3651A5}.Release|x86.ActiveCfg = Release|Any CPU
		{622FBBAE-DC3C-4B74-BB1E-B1505D3651A5}.Release|x86.Build.0 = Release|Any CPU
		{48B6183A-CF51-42A4-889E-A75DA704D71D}.Debug|Any CPU.ActiveCfg = Debug|Any CPU
		{48B6183A-CF51-42A4-889E-A75DA704D71D}.Debug|Any CPU.Build.0 = Debug|Any CPU
		{48B6183A-CF51-42A4-889E-A75DA704D71D}.Debug|x64.ActiveCfg = Debug|Any CPU
		{48B6183A-CF51-42A4-889E-A75DA704D71D}.Debug|x64.Build.0 = Debug|Any CPU
		{48B6183A-CF51-42A4-889E-A75DA704D71D}.Debug|x86.ActiveCfg = Debug|Any CPU
		{48B6183A-CF51-42A4-889E-A75DA704D71D}.Debug|x86.Build.0 = Debug|Any CPU
		{48B6183A-CF51-42A4-889E-A75DA704D71D}.Release|Any CPU.ActiveCfg = Release|Any CPU
		{48B6183A-CF51-42A4-889E-A75DA704D71D}.Release|Any CPU.Build.0 = Release|Any CPU
		{48B6183A-CF51-42A4-889E-A75DA704D71D}.Release|x64.ActiveCfg = Release|Any CPU
		{48B6183A-CF51-42A4-889E-A75DA704D71D}.Release|x64.Build.0 = Release|Any CPU
		{48B6183A-CF51-42A4-889E-A75DA704D71D}.Release|x86.ActiveCfg = Release|Any CPU
		{48B6183A-CF51-42A4-889E-A75DA704D71D}.Release|x86.Build.0 = Release|Any CPU
		{99CEE4F4-041C-4147-AE4F-5E11988AE392}.Debug|Any CPU.ActiveCfg = Debug|Any CPU
		{99CEE4F4-041C-4147-AE4F-5E11988AE392}.Debug|Any CPU.Build.0 = Debug|Any CPU
		{99CEE4F4-041C-4147-AE4F-5E11988AE392}.Debug|x64.ActiveCfg = Debug|x64
		{99CEE4F4-041C-4147-AE4F-5E11988AE392}.Debug|x64.Build.0 = Debug|x64
		{99CEE4F4-041C-4147-AE4F-5E11988AE392}.Debug|x86.ActiveCfg = Debug|Any CPU
		{99CEE4F4-041C-4147-AE4F-5E11988AE392}.Debug|x86.Build.0 = Debug|Any CPU
		{99CEE4F4-041C-4147-AE4F-5E11988AE392}.Release|Any CPU.ActiveCfg = Release|Any CPU
		{99CEE4F4-041C-4147-AE4F-5E11988AE392}.Release|Any CPU.Build.0 = Release|Any CPU
		{99CEE4F4-041C-4147-AE4F-5E11988AE392}.Release|x64.ActiveCfg = Release|x64
		{99CEE4F4-041C-4147-AE4F-5E11988AE392}.Release|x64.Build.0 = Release|x64
		{99CEE4F4-041C-4147-AE4F-5E11988AE392}.Release|x86.ActiveCfg = Release|Any CPU
		{99CEE4F4-041C-4147-AE4F-5E11988AE392}.Release|x86.Build.0 = Release|Any CPU
		{089C1412-5CCA-4E35-A3A9-13BB34071E8C}.Debug|Any CPU.ActiveCfg = Debug|Any CPU
		{089C1412-5CCA-4E35-A3A9-13BB34071E8C}.Debug|Any CPU.Build.0 = Debug|Any CPU
		{089C1412-5CCA-4E35-A3A9-13BB34071E8C}.Debug|x64.ActiveCfg = Debug|Any CPU
		{089C1412-5CCA-4E35-A3A9-13BB34071E8C}.Debug|x64.Build.0 = Debug|Any CPU
		{089C1412-5CCA-4E35-A3A9-13BB34071E8C}.Debug|x86.ActiveCfg = Debug|Any CPU
		{089C1412-5CCA-4E35-A3A9-13BB34071E8C}.Debug|x86.Build.0 = Debug|Any CPU
		{089C1412-5CCA-4E35-A3A9-13BB34071E8C}.Release|Any CPU.ActiveCfg = Release|Any CPU
		{089C1412-5CCA-4E35-A3A9-13BB34071E8C}.Release|Any CPU.Build.0 = Release|Any CPU
		{089C1412-5CCA-4E35-A3A9-13BB34071E8C}.Release|x64.ActiveCfg = Release|Any CPU
		{089C1412-5CCA-4E35-A3A9-13BB34071E8C}.Release|x64.Build.0 = Release|Any CPU
		{089C1412-5CCA-4E35-A3A9-13BB34071E8C}.Release|x86.ActiveCfg = Release|Any CPU
		{089C1412-5CCA-4E35-A3A9-13BB34071E8C}.Release|x86.Build.0 = Release|Any CPU
		{AE0E039F-94BB-4A04-9C69-BA6A8B4DC475}.Debug|Any CPU.ActiveCfg = Debug|Any CPU
		{AE0E039F-94BB-4A04-9C69-BA6A8B4DC475}.Debug|Any CPU.Build.0 = Debug|Any CPU
		{AE0E039F-94BB-4A04-9C69-BA6A8B4DC475}.Debug|x64.ActiveCfg = Debug|Any CPU
		{AE0E039F-94BB-4A04-9C69-BA6A8B4DC475}.Debug|x64.Build.0 = Debug|Any CPU
		{AE0E039F-94BB-4A04-9C69-BA6A8B4DC475}.Debug|x86.ActiveCfg = Debug|Any CPU
		{AE0E039F-94BB-4A04-9C69-BA6A8B4DC475}.Debug|x86.Build.0 = Debug|Any CPU
		{AE0E039F-94BB-4A04-9C69-BA6A8B4DC475}.Release|Any CPU.ActiveCfg = Release|Any CPU
		{AE0E039F-94BB-4A04-9C69-BA6A8B4DC475}.Release|Any CPU.Build.0 = Release|Any CPU
		{AE0E039F-94BB-4A04-9C69-BA6A8B4DC475}.Release|x64.ActiveCfg = Release|Any CPU
		{AE0E039F-94BB-4A04-9C69-BA6A8B4DC475}.Release|x64.Build.0 = Release|Any CPU
		{AE0E039F-94BB-4A04-9C69-BA6A8B4DC475}.Release|x86.ActiveCfg = Release|Any CPU
		{AE0E039F-94BB-4A04-9C69-BA6A8B4DC475}.Release|x86.Build.0 = Release|Any CPU
		{8D0572E4-4867-4AB4-B0C3-AE0BDDD3FEC6}.Debug|Any CPU.ActiveCfg = Debug|Any CPU
		{8D0572E4-4867-4AB4-B0C3-AE0BDDD3FEC6}.Debug|Any CPU.Build.0 = Debug|Any CPU
		{8D0572E4-4867-4AB4-B0C3-AE0BDDD3FEC6}.Debug|x64.ActiveCfg = Debug|Any CPU
		{8D0572E4-4867-4AB4-B0C3-AE0BDDD3FEC6}.Debug|x64.Build.0 = Debug|Any CPU
		{8D0572E4-4867-4AB4-B0C3-AE0BDDD3FEC6}.Debug|x86.ActiveCfg = Debug|Any CPU
		{8D0572E4-4867-4AB4-B0C3-AE0BDDD3FEC6}.Debug|x86.Build.0 = Debug|Any CPU
		{8D0572E4-4867-4AB4-B0C3-AE0BDDD3FEC6}.Release|Any CPU.ActiveCfg = Release|Any CPU
		{8D0572E4-4867-4AB4-B0C3-AE0BDDD3FEC6}.Release|Any CPU.Build.0 = Release|Any CPU
		{8D0572E4-4867-4AB4-B0C3-AE0BDDD3FEC6}.Release|x64.ActiveCfg = Release|Any CPU
		{8D0572E4-4867-4AB4-B0C3-AE0BDDD3FEC6}.Release|x64.Build.0 = Release|Any CPU
		{8D0572E4-4867-4AB4-B0C3-AE0BDDD3FEC6}.Release|x86.ActiveCfg = Release|Any CPU
		{8D0572E4-4867-4AB4-B0C3-AE0BDDD3FEC6}.Release|x86.Build.0 = Release|Any CPU
		{E794C24F-B285-4BBD-9388-35382AB1A1B4}.Debug|Any CPU.ActiveCfg = Debug|Any CPU
		{E794C24F-B285-4BBD-9388-35382AB1A1B4}.Debug|Any CPU.Build.0 = Debug|Any CPU
		{E794C24F-B285-4BBD-9388-35382AB1A1B4}.Debug|x64.ActiveCfg = Debug|Any CPU
		{E794C24F-B285-4BBD-9388-35382AB1A1B4}.Debug|x64.Build.0 = Debug|Any CPU
		{E794C24F-B285-4BBD-9388-35382AB1A1B4}.Debug|x86.ActiveCfg = Debug|Any CPU
		{E794C24F-B285-4BBD-9388-35382AB1A1B4}.Debug|x86.Build.0 = Debug|Any CPU
		{E794C24F-B285-4BBD-9388-35382AB1A1B4}.Release|Any CPU.ActiveCfg = Release|Any CPU
		{E794C24F-B285-4BBD-9388-35382AB1A1B4}.Release|Any CPU.Build.0 = Release|Any CPU
		{E794C24F-B285-4BBD-9388-35382AB1A1B4}.Release|x64.ActiveCfg = Release|Any CPU
		{E794C24F-B285-4BBD-9388-35382AB1A1B4}.Release|x64.Build.0 = Release|Any CPU
		{E794C24F-B285-4BBD-9388-35382AB1A1B4}.Release|x86.ActiveCfg = Release|Any CPU
		{E794C24F-B285-4BBD-9388-35382AB1A1B4}.Release|x86.Build.0 = Release|Any CPU
		{2FE7D88B-9241-44B0-BC25-FE293EADCF59}.Debug|Any CPU.ActiveCfg = Debug|Any CPU
		{2FE7D88B-9241-44B0-BC25-FE293EADCF59}.Debug|Any CPU.Build.0 = Debug|Any CPU
		{2FE7D88B-9241-44B0-BC25-FE293EADCF59}.Debug|x64.ActiveCfg = Debug|Any CPU
		{2FE7D88B-9241-44B0-BC25-FE293EADCF59}.Debug|x64.Build.0 = Debug|Any CPU
		{2FE7D88B-9241-44B0-BC25-FE293EADCF59}.Debug|x86.ActiveCfg = Debug|Any CPU
		{2FE7D88B-9241-44B0-BC25-FE293EADCF59}.Debug|x86.Build.0 = Debug|Any CPU
		{2FE7D88B-9241-44B0-BC25-FE293EADCF59}.Release|Any CPU.ActiveCfg = Release|Any CPU
		{2FE7D88B-9241-44B0-BC25-FE293EADCF59}.Release|Any CPU.Build.0 = Release|Any CPU
		{2FE7D88B-9241-44B0-BC25-FE293EADCF59}.Release|x64.ActiveCfg = Release|Any CPU
		{2FE7D88B-9241-44B0-BC25-FE293EADCF59}.Release|x64.Build.0 = Release|Any CPU
		{2FE7D88B-9241-44B0-BC25-FE293EADCF59}.Release|x86.ActiveCfg = Release|Any CPU
		{2FE7D88B-9241-44B0-BC25-FE293EADCF59}.Release|x86.Build.0 = Release|Any CPU
		{C74782A2-6011-4A13-AC8E-85CCAB05F1C0}.Debug|Any CPU.ActiveCfg = Debug|Any CPU
		{C74782A2-6011-4A13-AC8E-85CCAB05F1C0}.Debug|Any CPU.Build.0 = Debug|Any CPU
		{C74782A2-6011-4A13-AC8E-85CCAB05F1C0}.Debug|x64.ActiveCfg = Debug|Any CPU
		{C74782A2-6011-4A13-AC8E-85CCAB05F1C0}.Debug|x64.Build.0 = Debug|Any CPU
		{C74782A2-6011-4A13-AC8E-85CCAB05F1C0}.Debug|x86.ActiveCfg = Debug|Any CPU
		{C74782A2-6011-4A13-AC8E-85CCAB05F1C0}.Debug|x86.Build.0 = Debug|Any CPU
		{C74782A2-6011-4A13-AC8E-85CCAB05F1C0}.Release|Any CPU.ActiveCfg = Release|Any CPU
		{C74782A2-6011-4A13-AC8E-85CCAB05F1C0}.Release|Any CPU.Build.0 = Release|Any CPU
		{C74782A2-6011-4A13-AC8E-85CCAB05F1C0}.Release|x64.ActiveCfg = Release|Any CPU
		{C74782A2-6011-4A13-AC8E-85CCAB05F1C0}.Release|x64.Build.0 = Release|Any CPU
		{C74782A2-6011-4A13-AC8E-85CCAB05F1C0}.Release|x86.ActiveCfg = Release|Any CPU
		{C74782A2-6011-4A13-AC8E-85CCAB05F1C0}.Release|x86.Build.0 = Release|Any CPU
		{C8F325AF-2914-483C-B8A8-CED76E03C31E}.Debug|Any CPU.ActiveCfg = Debug|Any CPU
		{C8F325AF-2914-483C-B8A8-CED76E03C31E}.Debug|Any CPU.Build.0 = Debug|Any CPU
		{C8F325AF-2914-483C-B8A8-CED76E03C31E}.Debug|x64.ActiveCfg = Debug|Any CPU
		{C8F325AF-2914-483C-B8A8-CED76E03C31E}.Debug|x64.Build.0 = Debug|Any CPU
		{C8F325AF-2914-483C-B8A8-CED76E03C31E}.Debug|x86.ActiveCfg = Debug|Any CPU
		{C8F325AF-2914-483C-B8A8-CED76E03C31E}.Debug|x86.Build.0 = Debug|Any CPU
		{C8F325AF-2914-483C-B8A8-CED76E03C31E}.Release|Any CPU.ActiveCfg = Release|Any CPU
		{C8F325AF-2914-483C-B8A8-CED76E03C31E}.Release|Any CPU.Build.0 = Release|Any CPU
		{C8F325AF-2914-483C-B8A8-CED76E03C31E}.Release|x64.ActiveCfg = Release|Any CPU
		{C8F325AF-2914-483C-B8A8-CED76E03C31E}.Release|x64.Build.0 = Release|Any CPU
		{C8F325AF-2914-483C-B8A8-CED76E03C31E}.Release|x86.ActiveCfg = Release|Any CPU
		{C8F325AF-2914-483C-B8A8-CED76E03C31E}.Release|x86.Build.0 = Release|Any CPU
		{7F57B864-05CB-4488-A798-0FC08D9F62B2}.Debug|Any CPU.ActiveCfg = Debug|Any CPU
		{7F57B864-05CB-4488-A798-0FC08D9F62B2}.Debug|Any CPU.Build.0 = Debug|Any CPU
		{7F57B864-05CB-4488-A798-0FC08D9F62B2}.Debug|x64.ActiveCfg = Debug|Any CPU
		{7F57B864-05CB-4488-A798-0FC08D9F62B2}.Debug|x64.Build.0 = Debug|Any CPU
		{7F57B864-05CB-4488-A798-0FC08D9F62B2}.Debug|x86.ActiveCfg = Debug|Any CPU
		{7F57B864-05CB-4488-A798-0FC08D9F62B2}.Debug|x86.Build.0 = Debug|Any CPU
		{7F57B864-05CB-4488-A798-0FC08D9F62B2}.Release|Any CPU.ActiveCfg = Release|Any CPU
		{7F57B864-05CB-4488-A798-0FC08D9F62B2}.Release|Any CPU.Build.0 = Release|Any CPU
		{7F57B864-05CB-4488-A798-0FC08D9F62B2}.Release|x64.ActiveCfg = Release|Any CPU
		{7F57B864-05CB-4488-A798-0FC08D9F62B2}.Release|x64.Build.0 = Release|Any CPU
		{7F57B864-05CB-4488-A798-0FC08D9F62B2}.Release|x86.ActiveCfg = Release|Any CPU
		{7F57B864-05CB-4488-A798-0FC08D9F62B2}.Release|x86.Build.0 = Release|Any CPU
		{439E4AFB-51BD-4F54-B6FA-E20A06E29D6F}.Debug|Any CPU.ActiveCfg = Debug|Any CPU
		{439E4AFB-51BD-4F54-B6FA-E20A06E29D6F}.Debug|Any CPU.Build.0 = Debug|Any CPU
		{439E4AFB-51BD-4F54-B6FA-E20A06E29D6F}.Debug|x64.ActiveCfg = Debug|Any CPU
		{439E4AFB-51BD-4F54-B6FA-E20A06E29D6F}.Debug|x64.Build.0 = Debug|Any CPU
		{439E4AFB-51BD-4F54-B6FA-E20A06E29D6F}.Debug|x86.ActiveCfg = Debug|Any CPU
		{439E4AFB-51BD-4F54-B6FA-E20A06E29D6F}.Debug|x86.Build.0 = Debug|Any CPU
		{439E4AFB-51BD-4F54-B6FA-E20A06E29D6F}.Release|Any CPU.ActiveCfg = Release|Any CPU
		{439E4AFB-51BD-4F54-B6FA-E20A06E29D6F}.Release|Any CPU.Build.0 = Release|Any CPU
		{439E4AFB-51BD-4F54-B6FA-E20A06E29D6F}.Release|x64.ActiveCfg = Release|Any CPU
		{439E4AFB-51BD-4F54-B6FA-E20A06E29D6F}.Release|x64.Build.0 = Release|Any CPU
		{439E4AFB-51BD-4F54-B6FA-E20A06E29D6F}.Release|x86.ActiveCfg = Release|Any CPU
		{439E4AFB-51BD-4F54-B6FA-E20A06E29D6F}.Release|x86.Build.0 = Release|Any CPU
		{45228CB1-B212-4779-949E-4B8FCC001F71}.Debug|Any CPU.ActiveCfg = Debug|Any CPU
		{45228CB1-B212-4779-949E-4B8FCC001F71}.Debug|Any CPU.Build.0 = Debug|Any CPU
		{45228CB1-B212-4779-949E-4B8FCC001F71}.Debug|x64.ActiveCfg = Debug|Any CPU
		{45228CB1-B212-4779-949E-4B8FCC001F71}.Debug|x64.Build.0 = Debug|Any CPU
		{45228CB1-B212-4779-949E-4B8FCC001F71}.Debug|x86.ActiveCfg = Debug|Any CPU
		{45228CB1-B212-4779-949E-4B8FCC001F71}.Debug|x86.Build.0 = Debug|Any CPU
		{45228CB1-B212-4779-949E-4B8FCC001F71}.Release|Any CPU.ActiveCfg = Release|Any CPU
		{45228CB1-B212-4779-949E-4B8FCC001F71}.Release|Any CPU.Build.0 = Release|Any CPU
		{45228CB1-B212-4779-949E-4B8FCC001F71}.Release|x64.ActiveCfg = Release|Any CPU
		{45228CB1-B212-4779-949E-4B8FCC001F71}.Release|x64.Build.0 = Release|Any CPU
		{45228CB1-B212-4779-949E-4B8FCC001F71}.Release|x86.ActiveCfg = Release|Any CPU
		{45228CB1-B212-4779-949E-4B8FCC001F71}.Release|x86.Build.0 = Release|Any CPU
		{10296677-2D6F-4AB8-936F-AECBFB70EF74}.Debug|Any CPU.ActiveCfg = Debug|Any CPU
		{10296677-2D6F-4AB8-936F-AECBFB70EF74}.Debug|Any CPU.Build.0 = Debug|Any CPU
		{10296677-2D6F-4AB8-936F-AECBFB70EF74}.Debug|x64.ActiveCfg = Debug|Any CPU
		{10296677-2D6F-4AB8-936F-AECBFB70EF74}.Debug|x64.Build.0 = Debug|Any CPU
		{10296677-2D6F-4AB8-936F-AECBFB70EF74}.Debug|x86.ActiveCfg = Debug|Any CPU
		{10296677-2D6F-4AB8-936F-AECBFB70EF74}.Debug|x86.Build.0 = Debug|Any CPU
		{10296677-2D6F-4AB8-936F-AECBFB70EF74}.Release|Any CPU.ActiveCfg = Release|Any CPU
		{10296677-2D6F-4AB8-936F-AECBFB70EF74}.Release|Any CPU.Build.0 = Release|Any CPU
		{10296677-2D6F-4AB8-936F-AECBFB70EF74}.Release|x64.ActiveCfg = Release|Any CPU
		{10296677-2D6F-4AB8-936F-AECBFB70EF74}.Release|x64.Build.0 = Release|Any CPU
		{10296677-2D6F-4AB8-936F-AECBFB70EF74}.Release|x86.ActiveCfg = Release|Any CPU
		{10296677-2D6F-4AB8-936F-AECBFB70EF74}.Release|x86.Build.0 = Release|Any CPU
		{7E2E1FEE-0A02-4FB6-8C3B-9C4080D3758A}.Debug|Any CPU.ActiveCfg = Debug|Any CPU
		{7E2E1FEE-0A02-4FB6-8C3B-9C4080D3758A}.Debug|Any CPU.Build.0 = Debug|Any CPU
		{7E2E1FEE-0A02-4FB6-8C3B-9C4080D3758A}.Debug|x64.ActiveCfg = Debug|Any CPU
		{7E2E1FEE-0A02-4FB6-8C3B-9C4080D3758A}.Debug|x64.Build.0 = Debug|Any CPU
		{7E2E1FEE-0A02-4FB6-8C3B-9C4080D3758A}.Debug|x86.ActiveCfg = Debug|Any CPU
		{7E2E1FEE-0A02-4FB6-8C3B-9C4080D3758A}.Debug|x86.Build.0 = Debug|Any CPU
		{7E2E1FEE-0A02-4FB6-8C3B-9C4080D3758A}.Release|Any CPU.ActiveCfg = Release|Any CPU
		{7E2E1FEE-0A02-4FB6-8C3B-9C4080D3758A}.Release|Any CPU.Build.0 = Release|Any CPU
		{7E2E1FEE-0A02-4FB6-8C3B-9C4080D3758A}.Release|x64.ActiveCfg = Release|Any CPU
		{7E2E1FEE-0A02-4FB6-8C3B-9C4080D3758A}.Release|x64.Build.0 = Release|Any CPU
		{7E2E1FEE-0A02-4FB6-8C3B-9C4080D3758A}.Release|x86.ActiveCfg = Release|Any CPU
		{7E2E1FEE-0A02-4FB6-8C3B-9C4080D3758A}.Release|x86.Build.0 = Release|Any CPU
	EndGlobalSection
	GlobalSection(SolutionProperties) = preSolution
		HideSolutionNode = FALSE
	EndGlobalSection
	GlobalSection(ExtensibilityGlobals) = postSolution
		SolutionGuid = {4CFECBD7-FE88-4CC9-8E1B-6F7805F4F45A}
	EndGlobalSection
EndGlobal
